{
  "name": "ngo-analytics",
  "version": "1.0.0",
  "lockfileVersion": 1,
  "requires": true,
  "dependencies": {
    "bluebird": {
      "version": "1.2.4",
      "resolved": "https://registry.npmjs.org/bluebird/-/bluebird-1.2.4.tgz",
      "integrity": "sha1-WYXsI8tv8aWDTMZEezxe8BD9Mho="
    },
    "csv-parse": {
      "version": "0.0.3",
      "resolved": "https://registry.npmjs.org/csv-parse/-/csv-parse-0.0.3.tgz",
      "integrity": "sha1-x702EsdHZtMjpUT0avDTCQ/IxTE="
    },
    "csv-query": {
      "version": "0.0.4",
      "resolved": "https://registry.npmjs.org/csv-query/-/csv-query-0.0.4.tgz",
      "integrity": "sha1-/dal73KCRGyBwRN6eKW8arfu3CI=",
      "requires": {
        "bluebird": "1.2.4",
        "csv-parse": "0.0.3",
        "event-stream": "3.1.7",
        "lodash": "2.4.2"
      }
    },
    "duplexer": {
      "version": "0.1.1",
      "resolved": "https://registry.npmjs.org/duplexer/-/duplexer-0.1.1.tgz",
      "integrity": "sha1-rOb/gIwc5mtX0ev5eXessCM0z8E="
    },
    "event-stream": {
      "version": "3.1.7",
      "resolved": "http://registry.npmjs.org/event-stream/-/event-stream-3.1.7.tgz",
      "integrity": "sha1-tMVAAS0P4UmEIPPYlGAI22OTw3o=",
      "requires": {
        "duplexer": "0.1.1",
        "from": "0.1.7",
        "map-stream": "0.1.0",
        "pause-stream": "0.0.11",
        "split": "0.2.10",
        "stream-combiner": "0.0.4",
        "through": "2.3.8"
      }
    },
    "from": {
      "version": "0.1.7",
      "resolved": "https://registry.npmjs.org/from/-/from-0.1.7.tgz",
      "integrity": "sha1-g8YK/Fi5xWmXAH7Rp2izqzA6RP4="
    },
    "lodash": {
      "version": "2.4.2",
      "resolved": "https://registry.npmjs.org/lodash/-/lodash-2.4.2.tgz",
      "integrity": "sha1-+t2DS5aDBz2hebPq5tnA0VBT9z4="
    },
    "map-stream": {
      "version": "0.1.0",
      "resolved": "https://registry.npmjs.org/map-stream/-/map-stream-0.1.0.tgz",
      "integrity": "sha1-5WqpTEyAVaFkBKBnS3jyFffI4ZQ="
    },
    "pause-stream": {
      "version": "0.0.11",
      "resolved": "https://registry.npmjs.org/pause-stream/-/pause-stream-0.0.11.tgz",
      "integrity": "sha1-/lo0sMvOErWqaitAPuLnO2AvFEU=",
      "requires": {
        "through": "2.3.8"
      }
    },
    "split": {
      "version": "0.2.10",
      "resolved": "https://registry.npmjs.org/split/-/split-0.2.10.tgz",
      "integrity": "sha1-Zwl8YB1pfOE2j0GPBs0gHPBSGlc=",
      "requires": {
        "through": "2.3.8"
      }
    },
    "stream-combiner": {
      "version": "0.0.4",
      "resolved": "https://registry.npmjs.org/stream-combiner/-/stream-combiner-0.0.4.tgz",
      "integrity": "sha1-TV5DPBhSYd3mI8o/RMWGvPXErRQ=",
      "requires": {
        "duplexer": "0.1.1"
      }
    },
    "through": {
      "version": "2.3.8",
      "resolved": "https://registry.npmjs.org/through/-/through-2.3.8.tgz",
      "integrity": "sha1-DdTJ/6q8NXlgsbckEV1+Doai4fU="
    }
  }
}
